
Microsoft Visual Studio Solution File, Format Version 12.00
# Visual Studio Version 16
VisualStudioVersion = 16.0.29613.14
MinimumVisualStudioVersion = 10.0.40219.1
Project("{9A19103F-16F7-4668-BE54-9A1E7A4F7556}") = "Gabriel.RentCar.Business", "src\Gabriel.RentCar.Business\Gabriel.RentCar.Business.csproj", "{017A6BD0-7A08-41E6-87C0-AACBF7A16637}"
EndProject
Project("{9A19103F-16F7-4668-BE54-9A1E7A4F7556}") = "Gabriel.RentCar.Api", "src\Gabriel.RentCar.Api\Gabriel.RentCar.Api.csproj", "{0921B82D-5C5D-4A1D-9C3E-99593BD91DE6}"
EndProject
Project("{9A19103F-16F7-4668-BE54-9A1E7A4F7556}") = "Gabriel.RentCar.Data", "src\Gabriel.RentCar.Data\Gabriel.RentCar.Data.csproj", "{2F0F8E7A-235F-4227-9BF8-7C5034A46EE0}"
EndProject
Project("{9A19103F-16F7-4668-BE54-9A1E7A4F7556}") = "Gabriel.RentCar.Console", "src\Gabriel.RentCar.Console\Gabriel.RentCar.Console.csproj", "{BCD5B2D8-AE72-4E45-8D59-6E1B42622B20}"
EndProject
Project("{9A19103F-16F7-4668-BE54-9A1E7A4F7556}") = "Gabriel.RentCar.Externo", "src\Gabriel.RentCar.Externo\Gabriel.RentCar.Externo.csproj", "{1C85FCA4-9B54-49B6-9A76-5E43CF4EB6D2}"
EndProject
Global
	GlobalSection(SolutionConfigurationPlatforms) = preSolution
		Debug|Any CPU = Debug|Any CPU
		Release|Any CPU = Release|Any CPU
	EndGlobalSection
	GlobalSection(ProjectConfigurationPlatforms) = postSolution
		{017A6BD0-7A08-41E6-87C0-AACBF7A16637}.Debug|Any CPU.ActiveCfg = Debug|Any CPU
		{017A6BD0-7A08-41E6-87C0-AACBF7A16637}.Debug|Any CPU.Build.0 = Debug|Any CPU
		{017A6BD0-7A08-41E6-87C0-AACBF7A16637}.Release|Any CPU.ActiveCfg = Release|Any CPU
		{017A6BD0-7A08-41E6-87C0-AACBF7A16637}.Release|Any CPU.Build.0 = Release|Any CPU
		{0921B82D-5C5D-4A1D-9C3E-99593BD91DE6}.Debug|Any CPU.ActiveCfg = Debug|Any CPU
		{0921B82D-5C5D-4A1D-9C3E-99593BD91DE6}.Debug|Any CPU.Build.0 = Debug|Any CPU
		{0921B82D-5C5D-4A1D-9C3E-99593BD91DE6}.Release|Any CPU.ActiveCfg = Release|Any CPU
		{0921B82D-5C5D-4A1D-9C3E-99593BD91DE6}.Release|Any CPU.Build.0 = Release|Any CPU
		{2F0F8E7A-235F-4227-9BF8-7C5034A46EE0}.Debug|Any CPU.ActiveCfg = Debug|Any CPU
		{2F0F8E7A-235F-4227-9BF8-7C5034A46EE0}.Debug|Any CPU.Build.0 = Debug|Any CPU
		{2F0F8E7A-235F-4227-9BF8-7C5034A46EE0}.Release|Any CPU.ActiveCfg = Release|Any CPU
		{2F0F8E7A-235F-4227-9BF8-7C5034A46EE0}.Release|Any CPU.Build.0 = Release|Any CPU
		{BCD5B2D8-AE72-4E45-8D59-6E1B42622B20}.Debug|Any CPU.ActiveCfg = Debug|Any CPU
		{BCD5B2D8-AE72-4E45-8D59-6E1B42622B20}.Debug|Any CPU.Build.0 = Debug|Any CPU
		{BCD5B2D8-AE72-4E45-8D59-6E1B42622B20}.Release|Any CPU.ActiveCfg = Release|Any CPU
		{BCD5B2D8-AE72-4E45-8D59-6E1B42622B20}.Release|Any CPU.Build.0 = Release|Any CPU
		{1C85FCA4-9B54-49B6-9A76-5E43CF4EB6D2}.Debug|Any CPU.ActiveCfg = Debug|Any CPU
		{1C85FCA4-9B54-49B6-9A76-5E43CF4EB6D2}.Debug|Any CPU.Build.0 = Debug|Any CPU
		{1C85FCA4-9B54-49B6-9A76-5E43CF4EB6D2}.Release|Any CPU.ActiveCfg = Release|Any CPU
		{1C85FCA4-9B54-49B6-9A76-5E43CF4EB6D2}.Release|Any CPU.Build.0 = Release|Any CPU
	EndGlobalSection
	GlobalSection(SolutionProperties) = preSolution
		HideSolutionNode = FALSE
	EndGlobalSection
	GlobalSection(ExtensibilityGlobals) = postSolution
		SolutionGuid = {A5B8C02E-8BB4-40FC-8FAB-B24692A9540D}
	EndGlobalSection
EndGlobal
